
Microsoft Visual Studio Solution File, Format Version 12.00
# Visual Studio Version 17
VisualStudioVersion = 17.11.35312.102
MinimumVisualStudioVersion = 10.0.40219.1
Project("{FAE04EC0-301F-11D3-BF4B-00C04F79EFBC}") = "korobkov_winforms-DGV", "korobkov_winforms-DGV\korobkov_winforms-DGV.csproj", "{165961D1-9830-43F8-9F5A-8D8E455D4E77}"
EndProject
Project("{2150E333-8FDC-42A3-9474-1A3956D46DE8}") = "Solution Items", "Solution Items", "{3C159925-48CA-466F-BC4D-3E06AA773E6F}"
	ProjectSection(SolutionItems) = preProject
		.editorconfig = .editorconfig
		README.md = README.md
	EndProjectSection
EndProject
Project("{9A19103F-16F7-4668-BE54-9A1E7A4F7556}") = "DGV.Standart.Manager", "DGV.Standart.Manager\DGV.Standart.Manager.csproj", "{96A14501-937D-45DA-AD45-C50C00408F30}"
EndProject
Project("{9A19103F-16F7-4668-BE54-9A1E7A4F7556}") = "DGV.Standart.Contracts", "DGV.Standart.Contracts\DGV.Standart.Contracts.csproj", "{7308E417-DD7B-488F-AB37-C0485CB116CB}"
EndProject
Project("{9A19103F-16F7-4668-BE54-9A1E7A4F7556}") = "DGV.Standart.Storage", "DGV.Standart.Storage\DGV.Standart.Storage.csproj", "{18B82274-00F3-4258-B502-EAC7802A8451}"
EndProject
Project("{FAE04EC0-301F-11D3-BF4B-00C04F79EFBC}") = "DGV.Standart.Manager.Tests", "DGV.Standart.Manager.Tests\DGV.Standart.Manager.Tests.csproj", "{318E7A8F-61B7-4D58-850B-FB0A7EE47792}"
EndProject
Project("{FAE04EC0-301F-11D3-BF4B-00C04F79EFBC}") = "DGV.Standart.Storage.Tests", "DGV.Standart.Storage.Tests\DGV.Standart.Storage.Tests.csproj", "{811B1514-8ACE-4DAB-BA0E-6F018115D575}"
EndProject
Project("{FAE04EC0-301F-11D3-BF4B-00C04F79EFBC}") = "DGV.Storage.Database", "DGV.Storage.Database\DGV.Storage.Database.csproj", "{013395C4-B930-49EA-8A09-12043D6BA381}"
EndProject
Global
	GlobalSection(SolutionConfigurationPlatforms) = preSolution
		Debug|Any CPU = Debug|Any CPU
		Release|Any CPU = Release|Any CPU
	EndGlobalSection
	GlobalSection(ProjectConfigurationPlatforms) = postSolution
		{165961D1-9830-43F8-9F5A-8D8E455D4E77}.Debug|Any CPU.ActiveCfg = Debug|Any CPU
		{165961D1-9830-43F8-9F5A-8D8E455D4E77}.Debug|Any CPU.Build.0 = Debug|Any CPU
		{165961D1-9830-43F8-9F5A-8D8E455D4E77}.Release|Any CPU.ActiveCfg = Release|Any CPU
		{165961D1-9830-43F8-9F5A-8D8E455D4E77}.Release|Any CPU.Build.0 = Release|Any CPU
		{96A14501-937D-45DA-AD45-C50C00408F30}.Debug|Any CPU.ActiveCfg = Debug|Any CPU
		{96A14501-937D-45DA-AD45-C50C00408F30}.Debug|Any CPU.Build.0 = Debug|Any CPU
		{96A14501-937D-45DA-AD45-C50C00408F30}.Release|Any CPU.ActiveCfg = Release|Any CPU
		{96A14501-937D-45DA-AD45-C50C00408F30}.Release|Any CPU.Build.0 = Release|Any CPU
		{7308E417-DD7B-488F-AB37-C0485CB116CB}.Debug|Any CPU.ActiveCfg = Debug|Any CPU
		{7308E417-DD7B-488F-AB37-C0485CB116CB}.Debug|Any CPU.Build.0 = Debug|Any CPU
		{7308E417-DD7B-488F-AB37-C0485CB116CB}.Release|Any CPU.ActiveCfg = Release|Any CPU
		{7308E417-DD7B-488F-AB37-C0485CB116CB}.Release|Any CPU.Build.0 = Release|Any CPU
		{18B82274-00F3-4258-B502-EAC7802A8451}.Debug|Any CPU.ActiveCfg = Debug|Any CPU
		{18B82274-00F3-4258-B502-EAC7802A8451}.Debug|Any CPU.Build.0 = Debug|Any CPU
		{18B82274-00F3-4258-B502-EAC7802A8451}.Release|Any CPU.ActiveCfg = Release|Any CPU
		{18B82274-00F3-4258-B502-EAC7802A8451}.Release|Any CPU.Build.0 = Release|Any CPU
		{318E7A8F-61B7-4D58-850B-FB0A7EE47792}.Debug|Any CPU.ActiveCfg = Debug|Any CPU
		{318E7A8F-61B7-4D58-850B-FB0A7EE47792}.Debug|Any CPU.Build.0 = Debug|Any CPU
		{318E7A8F-61B7-4D58-850B-FB0A7EE47792}.Release|Any CPU.ActiveCfg = Release|Any CPU
		{318E7A8F-61B7-4D58-850B-FB0A7EE47792}.Release|Any CPU.Build.0 = Release|Any CPU
		{811B1514-8ACE-4DAB-BA0E-6F018115D575}.Debug|Any CPU.ActiveCfg = Debug|Any CPU
		{811B1514-8ACE-4DAB-BA0E-6F018115D575}.Debug|Any CPU.Build.0 = Debug|Any CPU
		{811B1514-8ACE-4DAB-BA0E-6F018115D575}.Release|Any CPU.ActiveCfg = Release|Any CPU
		{811B1514-8ACE-4DAB-BA0E-6F018115D575}.Release|Any CPU.Build.0 = Release|Any CPU
		{013395C4-B930-49EA-8A09-12043D6BA381}.Debug|Any CPU.ActiveCfg = Debug|Any CPU
		{013395C4-B930-49EA-8A09-12043D6BA381}.Debug|Any CPU.Build.0 = Debug|Any CPU
		{013395C4-B930-49EA-8A09-12043D6BA381}.Release|Any CPU.ActiveCfg = Release|Any CPU
		{013395C4-B930-49EA-8A09-12043D6BA381}.Release|Any CPU.Build.0 = Release|Any CPU
	EndGlobalSection
	GlobalSection(SolutionProperties) = preSolution
		HideSolutionNode = FALSE
	EndGlobalSection
	GlobalSection(ExtensibilityGlobals) = postSolution
		SolutionGuid = {4968B632-2727-4AB6-96CB-99F3F7AC98C4}
	EndGlobalSection
EndGlobal
