
Microsoft Visual Studio Solution File, Format Version 12.00
# Visual Studio Version 17
VisualStudioVersion = 17.11.35312.102
MinimumVisualStudioVersion = 10.0.40219.1
Project("{FAE04EC0-301F-11D3-BF4B-00C04F79EFBC}") = "korobkov_winforms-DGV", "korobkov_winforms-DGV\korobkov_winforms-DGV.csproj", "{165961D1-9830-43F8-9F5A-8D8E455D4E77}"
EndProject
Project("{2150E333-8FDC-42A3-9474-1A3956D46DE8}") = "Solution Items", "Solution Items", "{3C159925-48CA-466F-BC4D-3E06AA773E6F}"
	ProjectSection(SolutionItems) = preProject
		.editorconfig = .editorconfig
	EndProjectSection
EndProject
Project("{FAE04EC0-301F-11D3-BF4B-00C04F79EFBC}") = "DGV.Contracts", "DGV.Contracts\DGV.Contracts.csproj", "{9260E278-D393-4CB7-A1E1-46F35BB86374}"
EndProject
Project("{FAE04EC0-301F-11D3-BF4B-00C04F79EFBC}") = "DGV.Tour.Manager", "DGV.Tour.Manager\DGV.Tour.Manager.csproj", "{C43922D8-ABAD-4E44-9B9F-CBC36EA11CB5}"
EndProject
Project("{FAE04EC0-301F-11D3-BF4B-00C04F79EFBC}") = "DGV.Tour.Storage", "DGV.Tour.Storage\DGV.Tour.Storage.csproj", "{74E59072-811C-490C-8BBB-D6B43D655FB5}"
EndProject
Global
	GlobalSection(SolutionConfigurationPlatforms) = preSolution
		Debug|Any CPU = Debug|Any CPU
		Release|Any CPU = Release|Any CPU
	EndGlobalSection
	GlobalSection(ProjectConfigurationPlatforms) = postSolution
		{165961D1-9830-43F8-9F5A-8D8E455D4E77}.Debug|Any CPU.ActiveCfg = Debug|Any CPU
		{165961D1-9830-43F8-9F5A-8D8E455D4E77}.Debug|Any CPU.Build.0 = Debug|Any CPU
		{165961D1-9830-43F8-9F5A-8D8E455D4E77}.Release|Any CPU.ActiveCfg = Release|Any CPU
		{165961D1-9830-43F8-9F5A-8D8E455D4E77}.Release|Any CPU.Build.0 = Release|Any CPU
		{9260E278-D393-4CB7-A1E1-46F35BB86374}.Debug|Any CPU.ActiveCfg = Debug|Any CPU
		{9260E278-D393-4CB7-A1E1-46F35BB86374}.Debug|Any CPU.Build.0 = Debug|Any CPU
		{9260E278-D393-4CB7-A1E1-46F35BB86374}.Release|Any CPU.ActiveCfg = Release|Any CPU
		{9260E278-D393-4CB7-A1E1-46F35BB86374}.Release|Any CPU.Build.0 = Release|Any CPU
		{C43922D8-ABAD-4E44-9B9F-CBC36EA11CB5}.Debug|Any CPU.ActiveCfg = Debug|Any CPU
		{C43922D8-ABAD-4E44-9B9F-CBC36EA11CB5}.Debug|Any CPU.Build.0 = Debug|Any CPU
		{C43922D8-ABAD-4E44-9B9F-CBC36EA11CB5}.Release|Any CPU.ActiveCfg = Release|Any CPU
		{C43922D8-ABAD-4E44-9B9F-CBC36EA11CB5}.Release|Any CPU.Build.0 = Release|Any CPU
		{74E59072-811C-490C-8BBB-D6B43D655FB5}.Debug|Any CPU.ActiveCfg = Debug|Any CPU
		{74E59072-811C-490C-8BBB-D6B43D655FB5}.Debug|Any CPU.Build.0 = Debug|Any CPU
		{74E59072-811C-490C-8BBB-D6B43D655FB5}.Release|Any CPU.ActiveCfg = Release|Any CPU
		{74E59072-811C-490C-8BBB-D6B43D655FB5}.Release|Any CPU.Build.0 = Release|Any CPU
	EndGlobalSection
	GlobalSection(SolutionProperties) = preSolution
		HideSolutionNode = FALSE
	EndGlobalSection
	GlobalSection(ExtensibilityGlobals) = postSolution
		SolutionGuid = {4968B632-2727-4AB6-96CB-99F3F7AC98C4}
	EndGlobalSection
EndGlobal
